
Microsoft Visual Studio Solution File, Format Version 12.00
# Visual Studio Version 16
VisualStudioVersion = 16.0.31205.134
MinimumVisualStudioVersion = 10.0.40219.1
Project("{FAE04EC0-301F-11D3-BF4B-00C04F79EFBC}") = "MvcBlogProject", "MvcBlogProject\MvcBlogProject.csproj", "{AA231106-7415-4C82-AE1B-7482094EE791}"
EndProject
Project("{FAE04EC0-301F-11D3-BF4B-00C04F79EFBC}") = "EntityLayer", "EntityLayer\EntityLayer.csproj", "{D1FCB3C3-6A4E-4F01-8AA2-5B704ED4533B}"
EndProject
Project("{FAE04EC0-301F-11D3-BF4B-00C04F79EFBC}") = "DataAccessLayer", "DataAccessLayer\DataAccessLayer.csproj", "{5959701A-D994-4F89-B19E-9934DD01435B}"
EndProject
Project("{FAE04EC0-301F-11D3-BF4B-00C04F79EFBC}") = "BusinessLayer", "BusinessLayer\BusinessLayer.csproj", "{18B4B16B-87CC-4974-851C-D73589B17F61}"
EndProject
Global
	GlobalSection(SolutionConfigurationPlatforms) = preSolution
		Debug|Any CPU = Debug|Any CPU
		Release|Any CPU = Release|Any CPU
	EndGlobalSection
	GlobalSection(ProjectConfigurationPlatforms) = postSolution
		{AA231106-7415-4C82-AE1B-7482094EE791}.Debug|Any CPU.ActiveCfg = Debug|Any CPU
		{AA231106-7415-4C82-AE1B-7482094EE791}.Debug|Any CPU.Build.0 = Debug|Any CPU
		{AA231106-7415-4C82-AE1B-7482094EE791}.Release|Any CPU.ActiveCfg = Release|Any CPU
		{AA231106-7415-4C82-AE1B-7482094EE791}.Release|Any CPU.Build.0 = Release|Any CPU
		{D1FCB3C3-6A4E-4F01-8AA2-5B704ED4533B}.Debug|Any CPU.ActiveCfg = Debug|Any CPU
		{D1FCB3C3-6A4E-4F01-8AA2-5B704ED4533B}.Debug|Any CPU.Build.0 = Debug|Any CPU
		{D1FCB3C3-6A4E-4F01-8AA2-5B704ED4533B}.Release|Any CPU.ActiveCfg = Release|Any CPU
		{D1FCB3C3-6A4E-4F01-8AA2-5B704ED4533B}.Release|Any CPU.Build.0 = Release|Any CPU
		{5959701A-D994-4F89-B19E-9934DD01435B}.Debug|Any CPU.ActiveCfg = Debug|Any CPU
		{5959701A-D994-4F89-B19E-9934DD01435B}.Debug|Any CPU.Build.0 = Debug|Any CPU
		{5959701A-D994-4F89-B19E-9934DD01435B}.Release|Any CPU.ActiveCfg = Release|Any CPU
		{5959701A-D994-4F89-B19E-9934DD01435B}.Release|Any CPU.Build.0 = Release|Any CPU
		{18B4B16B-87CC-4974-851C-D73589B17F61}.Debug|Any CPU.ActiveCfg = Debug|Any CPU
		{18B4B16B-87CC-4974-851C-D73589B17F61}.Debug|Any CPU.Build.0 = Debug|Any CPU
		{18B4B16B-87CC-4974-851C-D73589B17F61}.Release|Any CPU.ActiveCfg = Release|Any CPU
		{18B4B16B-87CC-4974-851C-D73589B17F61}.Release|Any CPU.Build.0 = Release|Any CPU
	EndGlobalSection
	GlobalSection(SolutionProperties) = preSolution
		HideSolutionNode = FALSE
	EndGlobalSection
	GlobalSection(ExtensibilityGlobals) = postSolution
		SolutionGuid = {65B9FD27-7658-4F41-BB9E-D7361F59D1F2}
	EndGlobalSection
EndGlobal
